# THIS IS AN AUTOGENERATED FILE. DO NOT EDIT THIS FILE DIRECTLY.
# yarn lockfile v1


"@fortawesome/fontawesome-free@^6.2.0":
  version "6.2.0"
  resolved "https://registry.yarnpkg.com/@fortawesome/fontawesome-free/-/fontawesome-free-6.2.0.tgz#ba3510825b332816fe7190f28827f8cb33a298b5"
  integrity sha512-CNR7qRIfCwWHNN7FnKUniva94edPdyQzil/zCwk3v6k4R6rR2Fr8i4s3PM7n/lyfPA6Zfko9z5WDzFxG9SW1uQ==

env@^0.0.2:
  version "0.0.2"
  resolved "https://registry.yarnpkg.com/env/-/env-0.0.2.tgz#50c19f307b129a45845b6b686df5b39dd40d1cf0"
  integrity sha512-yP8LfjO4ughSHD/3HgLPinWzexmaOGvRfs2TFx0SZhOm7j1xPi9evjuGcLiNVHIGLmcsgMak4eDbBzlYqGIVxw==
